lockfileVersion: '9.0'

settings:
  autoInstallPeers: true
  excludeLinksFromLockfile: false

importers:

  .:
    devDependencies:
      '@playwright/test':
        specifier: ^1.54.2
        version: 1.58.2
      '@types/node':
        specifier: ^24.3.0
        version: 24.11.2
      bcryptjs:
        specifier: ^3.0.2
        version: 3.0.3
      mongodb:
        specifier: ^6.19.0
        version: 6.21.0
      typescript:
        specifier: ^5.9.3
        version: 5.9.3

packages:

  '@mongodb-js/saslprep@1.4.6':
    resolution: {integrity: sha512-y+x3H1xBZd38n10NZF/rEBlvDOOMQ6LKUTHqr8R9VkJ+mmQOYtJFxIlkkK8fZrtOiL6VixbOBWMbZGBdal3Z1g==}

  '@playwright/test@1.58.2':
    resolution: {integrity: sha512-akea+6bHYBBfA9uQqSYmlJXn61cTa+jbO87xVLCWbTqbWadRVmhxlXATaOjOgcBaWU4ePo0wB41KMFv3o35IXA==}
    engines: {node: '>=18'}
    hasBin: true

  '@types/node@24.11.2':
    resolution: {integrity: sha512-HTsxyfkxTNxOXBsEdgIOzbMgBjDGPvkTfw0B1m09j1LFPk8u3tSL8SNBRTSc381wXXX/Wp93qPi1kQXwnWuHgA==}

  '@types/webidl-conversions@7.0.3':
    resolution: {integrity: sha512-CiJJvcRtIgzadHCYXw7dqEnMNRjhGZlYK05Mj9OyktqV8uVT8fD2BFOB7S1uwBE3Kj2Z+4UyPmFw/Ixgw/LAlA==}

  '@types/whatwg-url@11.0.5':
    resolution: {integrity: sha512-coYR071JRaHa+xoEvvYqvnIHaVqaYrLPbsufM9BF63HkwI5Lgmy2QR8Q5K/lYDYo5AK82wOvSOS0UsLTpTG7uQ==}

  bcryptjs@3.0.3:
    resolution: {integrity: sha512-GlF5wPWnSa/X5LKM1o0wz0suXIINz1iHRLvTS+sLyi7XPbe5ycmYI3DlZqVGZZtDgl4DmasFg7gOB3JYbphV5g==}
    hasBin: true

  bson@6.10.4:
    resolution: {integrity: sha512-WIsKqkSC0ABoBJuT1LEX+2HEvNmNKKgnTAyd0fL8qzK4SH2i9NXg+t08YtdZp/V9IZ33cxe3iV4yM0qg8lMQng==}
    engines: {node: '>=16.20.1'}

  fsevents@2.3.2:
    resolution: {integrity: sha512-xiqMQR4xAeHTuB9uWm+fFRcIOgKBMiOBP+eXiyT7jsgVCq1bkVygt00oASowB7EdtpOHaaPgKt812P9ab+DDKA==}
    engines: {node: ^8.16.0 || ^10.6.0 || >=11.0.0}
    os: [darwin]

  memory-pager@1.5.0:
    resolution: {integrity: sha512-ZS4Bp4r/Zoeq6+NLJpP+0Zzm0pR8whtGPf1XExKLJBAczGMnSi3It14OiNCStjQjM6NU1okjQGSxgEZN8eBYKg==}

  mongodb-connection-string-url@3.0.2:
    resolution: {integrity: sha512-rMO7CGo/9BFwyZABcKAWL8UJwH/Kc2x0g72uhDWzG48URRax5TCIcJ7Rc3RZqffZzO/Gwff/jyKwCU9TN8gehA==}

  mongodb@6.21.0:
    resolution: {integrity: sha512-URyb/VXMjJ4da46OeSXg+puO39XH9DeQpWCslifrRn9JWugy0D+DvvBvkm2WxmHe61O/H19JM66p1z7RHVkZ6A==}
    engines: {node: '>=16.20.1'}
    peerDependencies:
      '@aws-sdk/credential-providers': ^3.188.0
      '@mongodb-js/zstd': ^1.1.0 || ^2.0.0
      gcp-metadata: ^5.2.0
      kerberos: ^2.0.1
      mongodb-client-encryption: '>=6.0.0 <7'
      snappy: ^7.3.2
      socks: ^2.7.1
    peerDependenciesMeta:
      '@aws-sdk/credential-providers':
        optional: true
      '@mongodb-js/zstd':
        optional: true
      gcp-metadata:
        optional: true
      kerberos:
        optional: true
      mongodb-client-encryption:
        optional: true
      snappy:
        optional: true
      socks:
        optional: true

  playwright-core@1.58.2:
    resolution: {integrity: sha512-yZkEtftgwS8CsfYo7nm0KE8jsvm6i/PTgVtB8DL726wNf6H2IMsDuxCpJj59KDaxCtSnrWan2AeDqM7JBaultg==}
    engines: {node: '>=18'}
    hasBin: true

  playwright@1.58.2:
    resolution: {integrity: sha512-vA30H8Nvkq/cPBnNw4Q8TWz1EJyqgpuinBcHET0YVJVFldr8JDNiU9LaWAE1KqSkRYazuaBhTpB5ZzShOezQ6A==}
    engines: {node: '>=18'}
    hasBin: true

  punycode@2.3.1:
    resolution: {integrity: sha512-vYt7UD1U9Wg6138shLtLOvdAu+8DsC/ilFtEVHcH+wydcSpNE20AfSOduf6MkRFahL5FY7X1oU7nKVZFtfq8Fg==}
    engines: {node: '>=6'}

  sparse-bitfield@3.0.3:
    resolution: {integrity: sha512-kvzhi7vqKTfkh0PZU+2D2PIllw2ymqJKujUcyPMd9Y75Nv4nPbGJZXNhxsgdQab2BmlDct1YnfQCguEvHr7VsQ==}

  tr46@5.1.1:
    resolution: {integrity: sha512-hdF5ZgjTqgAntKkklYw0R03MG2x/bSzTtkxmIRw/sTNV8YXsCJ1tfLAX23lhxhHJlEf3CRCOCGGWw3vI3GaSPw==}
    engines: {node: '>=18'}

  typescript@5.9.3:
    resolution: {integrity: sha512-jl1vZzPDinLr9eUt3J/t7V6FgNEw9QjvBPdysz9KfQDD41fQrC2Y4vKQdiaUpFT4bXlb1RHhLpp8wtm6M5TgSw==}
    engines: {node: '>=14.17'}
    hasBin: true

  undici-types@7.16.0:
    resolution: {integrity: sha512-Zz+aZWSj8LE6zoxD+xrjh4VfkIG8Ya6LvYkZqtUQGJPZjYl53ypCaUwWqo7eI0x66KBGeRo+mlBEkMSeSZ38Nw==}

  webidl-conversions@7.0.0:
    resolution: {integrity: sha512-VwddBukDzu71offAQR975unBIGqfKZpM+8ZX6ySk8nYhVoo5CYaZyzt3YBvYtRtO+aoGlqxPg/B87NGVZ/fu6g==}
    engines: {node: '>=12'}

  whatwg-url@14.2.0:
    resolution: {integrity: sha512-De72GdQZzNTUBBChsXueQUnPKDkg/5A5zp7pFDuQAj5UFoENpiACU0wlCvzpAGnTkj++ihpKwKyYewn/XNUbKw==}
    engines: {node: '>=18'}

snapshots:

  '@mongodb-js/saslprep@1.4.6':
    dependencies:
      sparse-bitfield: 3.0.3

  '@playwright/test@1.58.2':
    dependencies:
      playwright: 1.58.2

  '@types/node@24.11.2':
    dependencies:
      undici-types: 7.16.0

  '@types/webidl-conversions@7.0.3': {}

  '@types/whatwg-url@11.0.5':
    dependencies:
      '@types/webidl-conversions': 7.0.3

  bcryptjs@3.0.3: {}

  bson@6.10.4: {}

  fsevents@2.3.2:
    optional: true

  memory-pager@1.5.0: {}

  mongodb-connection-string-url@3.0.2:
    dependencies:
      '@types/whatwg-url': 11.0.5
      whatwg-url: 14.2.0

  mongodb@6.21.0:
    dependencies:
      '@mongodb-js/saslprep': 1.4.6
      bson: 6.10.4
      mongodb-connection-string-url: 3.0.2

  playwright-core@1.58.2: {}

  playwright@1.58.2:
    dependencies:
      playwright-core: 1.58.2
    optionalDependencies:
      fsevents: 2.3.2

  punycode@2.3.1: {}

  sparse-bitfield@3.0.3:
    dependencies:
      memory-pager: 1.5.0

  tr46@5.1.1:
    dependencies:
      punycode: 2.3.1

  typescript@5.9.3: {}

  undici-types@7.16.0: {}

  webidl-conversions@7.0.0: {}

  whatwg-url@14.2.0:
    dependencies:
      tr46: 5.1.1
      webidl-conversions: 7.0.0
